
Microsoft Visual Studio Solution File, Format Version 12.00
# Visual Studio Version 17
VisualStudioVersion = 17.8.34330.188
MinimumVisualStudioVersion = 10.0.40219.1
Project("{FAE04EC0-301F-11D3-BF4B-00C04F79EFBC}") = "WindowsFormsApp3", "WindowsFormsApp3\WindowsFormsApp3.csproj", "{99C7C1F9-4AEC-4542-88E2-F5D46115110B}"
EndProject
Global
	GlobalSection(SolutionConfigurationPlatforms) = preSolution
		Debug|Any CPU = Debug|Any CPU
		Release|Any CPU = Release|Any CPU
	EndGlobalSection
	GlobalSection(ProjectConfigurationPlatforms) = postSolution
		{99C7C1F9-4AEC-4542-88E2-F5D46115110B}.Debug|Any CPU.ActiveCfg = Debug|Any CPU
		{99C7C1F9-4AEC-4542-88E2-F5D46115110B}.Debug|Any CPU.Build.0 = Debug|Any CPU
		{99C7C1F9-4AEC-4542-88E2-F5D46115110B}.Release|Any CPU.ActiveCfg = Release|Any CPU
		{99C7C1F9-4AEC-4542-88E2-F5D46115110B}.Release|Any CPU.Build.0 = Release|Any CPU
	EndGlobalSection
	GlobalSection(SolutionProperties) = preSolution
		HideSolutionNode = FALSE
	EndGlobalSection
	GlobalSection(ExtensibilityGlobals) = postSolution
		SolutionGuid = {1EED310C-72CE-4DE9-BC6C-2C097B019D43}
	EndGlobalSection
EndGlobal
